// !$*UTF8*$!
{
	archiveVersion = 1;
	classes = {
	};
	objectVersion = 46;
	objects = {

/* Begin PBXBuildFile section */
		6AAB4D635FCA5E63BEFCC1F0 /* libPods-Acount.a in Frameworks */ = {isa = PBXBuildFile; fileRef = B44A3238BC42F95D9F521D56 /* libPods-Acount.a */; };
		C61D86371D12A2F1009126D0 /* RecordViewController.m in Sources */ = {isa = PBXBuildFile; fileRef = C61D86351D12A2F1009126D0 /* RecordViewController.m */; };
		C61D86381D12A2F1009126D0 /* RecordViewController.xib in Resources */ = {isa = PBXBuildFile; fileRef = C61D86361D12A2F1009126D0 /* RecordViewController.xib */; };
		C62406B81D2F8BBB0029E49C /* EntranceViewController.m in Sources */ = {isa = PBXBuildFile; fileRef = C62406B71D2F8BBB0029E49C /* EntranceViewController.m */; };
		C69FD0631D13CEAB00740465 /* UIImage+DSColorForImage.m in Sources */ = {isa = PBXBuildFile; fileRef = C69FD0621D13CEAB00740465 /* UIImage+DSColorForImage.m */; };
		C6C82FDB1D192FC400EF9C93 /* TotalRecordViewController.m in Sources */ = {isa = PBXBuildFile; fileRef = C6C82FD91D192FC400EF9C93 /* TotalRecordViewController.m */; };
		C6C82FDC1D192FC400EF9C93 /* TotalRecordViewController.xib in Resources */ = {isa = PBXBuildFile; fileRef = C6C82FDA1D192FC400EF9C93 /* TotalRecordViewController.xib */; };
		C6D4E24A1D118BBA00D3004D /* main.m in Sources */ = {isa = PBXBuildFile; fileRef = C6D4E2491D118BBA00D3004D /* main.m */; };
		C6D4E24D1D118BBA00D3004D /* AppDelegate.m in Sources */ = {isa = PBXBuildFile; fileRef = C6D4E24C1D118BBA00D3004D /* AppDelegate.m */; };
		C6D4E2531D118BBA00D3004D /* Main.storyboard in Resources */ = {isa = PBXBuildFile; fileRef = C6D4E2511D118BBA00D3004D /* Main.storyboard */; };
		C6D4E2561D118BBA00D3004D /* Acount.xcdatamodeld in Sources */ = {isa = PBXBuildFile; fileRef = C6D4E2541D118BBA00D3004D /* Acount.xcdatamodeld */; };
		C6D4E2581D118BBA00D3004D /* Assets.xcassets in Resources */ = {isa = PBXBuildFile; fileRef = C6D4E2571D118BBA00D3004D /* Assets.xcassets */; };
		C6D4E25B1D118BBA00D3004D /* LaunchScreen.storyboard in Resources */ = {isa = PBXBuildFile; fileRef = C6D4E2591D118BBA00D3004D /* LaunchScreen.storyboard */; };
		C6D4E2661D118C2A00D3004D /* Record+CoreDataProperties.m in Sources */ = {isa = PBXBuildFile; fileRef = C6D4E2631D118C2A00D3004D /* Record+CoreDataProperties.m */; };
		C6D4E2671D118C2A00D3004D /* Record.m in Sources */ = {isa = PBXBuildFile; fileRef = C6D4E2651D118C2A00D3004D /* Record.m */; };
		C6D4E26A1D12463E00D3004D /* MainInterfaceViewController.m in Sources */ = {isa = PBXBuildFile; fileRef = C6D4E2691D12463E00D3004D /* MainInterfaceViewController.m */; };
		C6D4E2871D124B5600D3004D /* DSAnimation.m in Sources */ = {isa = PBXBuildFile; fileRef = C6D4E26E1D124B5600D3004D /* DSAnimation.m */; };
		C6D4E2881D124B5600D3004D /* DSNetWork.m in Sources */ = {isa = PBXBuildFile; fileRef = C6D4E2701D124B5600D3004D /* DSNetWork.m */; };
		C6D4E2891D124B5600D3004D /* DSRequest.m in Sources */ = {isa = PBXBuildFile; fileRef = C6D4E2721D124B5600D3004D /* DSRequest.m */; };
		C6D4E28A1D124B5600D3004D /* DSDevice.m in Sources */ = {isa = PBXBuildFile; fileRef = C6D4E2741D124B5600D3004D /* DSDevice.m */; };
		C6D4E28B1D124B5600D3004D /* UIImage+DSImageColor.m in Sources */ = {isa = PBXBuildFile; fileRef = C6D4E2761D124B5600D3004D /* UIImage+DSImageColor.m */; };
		C6D4E28C1D124B5600D3004D /* NSString+URLString.m in Sources */ = {isa = PBXBuildFile; fileRef = C6D4E2781D124B5600D3004D /* NSString+URLString.m */; };
		C6D4E28D1D124B5600D3004D /* NSString+DSEncrypt.m in Sources */ = {isa = PBXBuildFile; fileRef = C6D4E27A1D124B5600D3004D /* NSString+DSEncrypt.m */; };
		C6D4E28E1D124B5600D3004D /* NSString+DSPredicate.m in Sources */ = {isa = PBXBuildFile; fileRef = C6D4E27C1D124B5600D3004D /* NSString+DSPredicate.m */; };
		C6D4E28F1D124B5600D3004D /* UIColor+DSHexColor.m in Sources */ = {isa = PBXBuildFile; fileRef = C6D4E27E1D124B5600D3004D /* UIColor+DSHexColor.m */; };
		C6D4E2901D124B5600D3004D /* UIScreen+DSScreenSize.m in Sources */ = {isa = PBXBuildFile; fileRef = C6D4E2801D124B5600D3004D /* UIScreen+DSScreenSize.m */; };
		C6D4E2911D124B5600D3004D /* UIView+DSCapture.m in Sources */ = {isa = PBXBuildFile; fileRef = C6D4E2821D124B5600D3004D /* UIView+DSCapture.m */; };
		C6D4E2921D124B5600D3004D /* DSWelcomViewController.m in Sources */ = {isa = PBXBuildFile; fileRef = C6D4E2841D124B5600D3004D /* DSWelcomViewController.m */; };
		C6D4E2931D124B5600D3004D /* DSBaseViewController.m in Sources */ = {isa = PBXBuildFile; fileRef = C6D4E2861D124B5600D3004D /* DSBaseViewController.m */; };
		C6D4E2971D12765600D3004D /* RecordDataOperation.m in Sources */ = {isa = PBXBuildFile; fileRef = C6D4E2961D12765600D3004D /* RecordDataOperation.m */; };
		C6D4E2A01D129D7D00D3004D /* MonthViewController.m in Sources */ = {isa = PBXBuildFile; fileRef = C6D4E29F1D129D7D00D3004D /* MonthViewController.m */; };
		C6D4E2A31D129D8600D3004D /* WeekViewController.m in Sources */ = {isa = PBXBuildFile; fileRef = C6D4E2A21D129D8600D3004D /* WeekViewController.m */; };
		C6F30D8F1D225F3F004D9EB1 /* UUBar.m in Sources */ = {isa = PBXBuildFile; fileRef = C6F30D841D225F3F004D9EB1 /* UUBar.m */; };
		C6F30D901D225F3F004D9EB1 /* UUBarChart.m in Sources */ = {isa = PBXBuildFile; fileRef = C6F30D861D225F3F004D9EB1 /* UUBarChart.m */; };
		C6F30D911D225F3F004D9EB1 /* UUChart.m in Sources */ = {isa = PBXBuildFile; fileRef = C6F30D881D225F3F004D9EB1 /* UUChart.m */; };
		C6F30D921D225F3F004D9EB1 /* UUChartConst.m in Sources */ = {isa = PBXBuildFile; fileRef = C6F30D8A1D225F3F004D9EB1 /* UUChartConst.m */; };
		C6F30D931D225F3F004D9EB1 /* UUChartLabel.m in Sources */ = {isa = PBXBuildFile; fileRef = C6F30D8C1D225F3F004D9EB1 /* UUChartLabel.m */; };
		C6F30D941D225F3F004D9EB1 /* UULineChart.m in Sources */ = {isa = PBXBuildFile; fileRef = C6F30D8E1D225F3F004D9EB1 /* UULineChart.m */; };
		C6F30D981D225F55004D9EB1 /* XYPieChart.m in Sources */ = {isa = PBXBuildFile; fileRef = C6F30D971D225F55004D9EB1 /* XYPieChart.m */; };
		C6F30D9A1D22654D004D9EB1 /* CoreGraphics.framework in Frameworks */ = {isa = PBXBuildFile; fileRef = C6F30D991D22654D004D9EB1 /* CoreGraphics.framework */; };
		C6F30D9C1D2265A1004D9EB1 /* QuartzCore.framework in Frameworks */ = {isa = PBXBuildFile; fileRef = C6F30D9B1D2265A1004D9EB1 /* QuartzCore.framework */; };
		C6F3A2DC1D13DFD1005A8BD0 /* RecordTableViewCell.m in Sources */ = {isa = PBXBuildFile; fileRef = C6F3A2DA1D13DFD1005A8BD0 /* RecordTableViewCell.m */; };
		C6F3A2DD1D13DFD1005A8BD0 /* RecordTableViewCell.xib in Resources */ = {isa = PBXBuildFile; fileRef = C6F3A2DB1D13DFD1005A8BD0 /* RecordTableViewCell.xib */; };
		C6F3A2E01D141AC9005A8BD0 /* NSDate+DateString.m in Sources */ = {isa = PBXBuildFile; fileRef = C6F3A2DF1D141AC9005A8BD0 /* NSDate+DateString.m */; };
/* End PBXBuildFile section */

/* Begin PBXFileReference section */
		289A1D8CC1B75266EDF98952 /* Pods-Acount.debug.xcconfig */ = {isa = PBXFileReference; includeInIndex = 1; lastKnownFileType = text.xcconfig; name = "Pods-Acount.debug.xcconfig"; path = "Pods/Target Support Files/Pods-Acount/Pods-Acount.debug.xcconfig"; sourceTree = "<group>"; };
		B44A3238BC42F95D9F521D56 /* libPods-Acount.a */ = {isa = PBXFileReference; explicitFileType = archive.ar; includeInIndex = 0; path = "libPods-Acount.a"; sourceTree = BUILT_PRODUCTS_DIR; };
		C61D86341D12A2F1009126D0 /* RecordViewController.h */ = {isa = PBXFileReference; fileEncoding = 4; lastKnownFileType = sourcecode.c.h; path = RecordViewController.h; sourceTree = "<group>"; };
		C61D86351D12A2F1009126D0 /* RecordViewController.m */ = {isa = PBXFileReference; fileEncoding = 4; lastKnownFileType = sourcecode.c.objc; path = RecordViewController.m; sourceTree = "<group>"; };
		C61D86361D12A2F1009126D0 /* RecordViewController.xib */ = {isa = PBXFileReference; fileEncoding = 4; lastKnownFileType = file.xib; path = RecordViewController.xib; sourceTree = "<group>"; };
		C62406B61D2F8BBB0029E49C /* EntranceViewController.h */ = {isa = PBXFileReference; fileEncoding = 4; lastKnownFileType = sourcecode.c.h; path = EntranceViewController.h; sourceTree = "<group>"; };
		C62406B71D2F8BBB0029E49C /* EntranceViewController.m */ = {isa = PBXFileReference; fileEncoding = 4; lastKnownFileType = sourcecode.c.objc; path = EntranceViewController.m; sourceTree = "<group>"; };
		C69FD0611D13CEAB00740465 /* UIImage+DSColorForImage.h */ = {isa = PBXFileReference; fileEncoding = 4; lastKnownFileType = sourcecode.c.h; path = "UIImage+DSColorForImage.h"; sourceTree = "<group>"; };
		C69FD0621D13CEAB00740465 /* UIImage+DSColorForImage.m */ = {isa = PBXFileReference; fileEncoding = 4; lastKnownFileType = sourcecode.c.objc; path = "UIImage+DSColorForImage.m"; sourceTree = "<group>"; };
		C6C82FD81D192FC400EF9C93 /* TotalRecordViewController.h */ = {isa = PBXFileReference; fileEncoding = 4; lastKnownFileType = sourcecode.c.h; path = TotalRecordViewController.h; sourceTree = "<group>"; };
		C6C82FD91D192FC400EF9C93 /* TotalRecordViewController.m */ = {isa = PBXFileReference; fileEncoding = 4; lastKnownFileType = sourcecode.c.objc; path = TotalRecordViewController.m; sourceTree = "<group>"; };
		C6C82FDA1D192FC400EF9C93 /* TotalRecordViewController.xib */ = {isa = PBXFileReference; fileEncoding = 4; lastKnownFileType = file.xib; path = TotalRecordViewController.xib; sourceTree = "<group>"; };
		C6D4E2451D118BBA00D3004D /* Acount.app */ = {isa = PBXFileReference; explicitFileType = wrapper.application; includeInIndex = 0; path = Acount.app; sourceTree = BUILT_PRODUCTS_DIR; };
		C6D4E2491D118BBA00D3004D /* main.m */ = {isa = PBXFileReference; lastKnownFileType = sourcecode.c.objc; path = main.m; sourceTree = "<group>"; };
		C6D4E24B1D118BBA00D3004D /* AppDelegate.h */ = {isa = PBXFileReference; lastKnownFileType = sourcecode.c.h; path = AppDelegate.h; sourceTree = "<group>"; };
		C6D4E24C1D118BBA00D3004D /* AppDelegate.m */ = {isa = PBXFileReference; lastKnownFileType = sourcecode.c.objc; path = AppDelegate.m; sourceTree = "<group>"; };
		C6D4E2521D118BBA00D3004D /* Base */ = {isa = PBXFileReference; lastKnownFileType = file.storyboard; name = Base; path = Base.lproj/Main.storyboard; sourceTree = "<group>"; };
		C6D4E2551D118BBA00D3004D /* Acount.xcdatamodel */ = {isa = PBXFileReference; lastKnownFileType = wrapper.xcdatamodel; path = Acount.xcdatamodel; sourceTree = "<group>"; };
		C6D4E2571D118BBA00D3004D /* Assets.xcassets */ = {isa = PBXFileReference; lastKnownFileType = folder.assetcatalog; path = Assets.xcassets; sourceTree = "<group>"; };
		C6D4E25A1D118BBA00D3004D /* Base */ = {isa = PBXFileReference; lastKnownFileType = file.storyboard; name = Base; path = Base.lproj/LaunchScreen.storyboard; sourceTree = "<group>"; };
		C6D4E25C1D118BBA00D3004D /* Info.plist */ = {isa = PBXFileReference; lastKnownFileType = text.plist.xml; path = Info.plist; sourceTree = "<group>"; };
		C6D4E2621D118C2A00D3004D /* Record+CoreDataProperties.h */ = {isa = PBXFileReference; fileEncoding = 4; lastKnownFileType = sourcecode.c.h; path = "Record+CoreDataProperties.h"; sourceTree = "<group>"; };
		C6D4E2631D118C2A00D3004D /* Record+CoreDataProperties.m */ = {isa = PBXFileReference; fileEncoding = 4; lastKnownFileType = sourcecode.c.objc; path = "Record+CoreDataProperties.m"; sourceTree = "<group>"; };
		C6D4E2641D118C2A00D3004D /* Record.h */ = {isa = PBXFileReference; fileEncoding = 4; lastKnownFileType = sourcecode.c.h; path = Record.h; sourceTree = "<group>"; };
		C6D4E2651D118C2A00D3004D /* Record.m */ = {isa = PBXFileReference; fileEncoding = 4; lastKnownFileType = sourcecode.c.objc; path = Record.m; sourceTree = "<group>"; };
		C6D4E2681D12463E00D3004D /* MainInterfaceViewController.h */ = {isa = PBXFileReference; fileEncoding = 4; lastKnownFileType = sourcecode.c.h; path = MainInterfaceViewController.h; sourceTree = "<group>"; };
		C6D4E2691D12463E00D3004D /* MainInterfaceViewController.m */ = {isa = PBXFileReference; fileEncoding = 4; lastKnownFileType = sourcecode.c.objc; path = MainInterfaceViewController.m; sourceTree = "<group>"; };
		C6D4E26C1D124B5600D3004D /* DSCommon.h */ = {isa = PBXFileReference; fileEncoding = 4; lastKnownFileType = sourcecode.c.h; path = DSCommon.h; sourceTree = "<group>"; };
		C6D4E26D1D124B5600D3004D /* DSAnimation.h */ = {isa = PBXFileReference; fileEncoding = 4; lastKnownFileType = sourcecode.c.h; path = DSAnimation.h; sourceTree = "<group>"; };
		C6D4E26E1D124B5600D3004D /* DSAnimation.m */ = {isa = PBXFileReference; fileEncoding = 4; lastKnownFileType = sourcecode.c.objc; path = DSAnimation.m; sourceTree = "<group>"; };
		C6D4E26F1D124B5600D3004D /* DSNetWork.h */ = {isa = PBXFileReference; fileEncoding = 4; lastKnownFileType = sourcecode.c.h; path = DSNetWork.h; sourceTree = "<group>"; };
		C6D4E2701D124B5600D3004D /* DSNetWork.m */ = {isa = PBXFileReference; fileEncoding = 4; lastKnownFileType = sourcecode.c.objc; path = DSNetWork.m; sourceTree = "<group>"; };
		C6D4E2711D124B5600D3004D /* DSRequest.h */ = {isa = PBXFileReference; fileEncoding = 4; lastKnownFileType = sourcecode.c.h; path = DSRequest.h; sourceTree = "<group>"; };
		C6D4E2721D124B5600D3004D /* DSRequest.m */ = {isa = PBXFileReference; fileEncoding = 4; lastKnownFileType = sourcecode.c.objc; path = DSRequest.m; sourceTree = "<group>"; };
		C6D4E2731D124B5600D3004D /* DSDevice.h */ = {isa = PBXFileReference; fileEncoding = 4; lastKnownFileType = sourcecode.c.h; path = DSDevice.h; sourceTree = "<group>"; };
		C6D4E2741D124B5600D3004D /* DSDevice.m */ = {isa = PBXFileReference; fileEncoding = 4; lastKnownFileType = sourcecode.c.objc; path = DSDevice.m; sourceTree = "<group>"; };
		C6D4E2751D124B5600D3004D /* UIImage+DSImageColor.h */ = {isa = PBXFileReference; fileEncoding = 4; lastKnownFileType = sourcecode.c.h; path = "UIImage+DSImageColor.h"; sourceTree = "<group>"; };
		C6D4E2761D124B5600D3004D /* UIImage+DSImageColor.m */ = {isa = PBXFileReference; fileEncoding = 4; lastKnownFileType = sourcecode.c.objc; path = "UIImage+DSImageColor.m"; sourceTree = "<group>"; };
		C6D4E2771D124B5600D3004D /* NSString+URLString.h */ = {isa = PBXFileReference; fileEncoding = 4; lastKnownFileType = sourcecode.c.h; path = "NSString+URLString.h"; sourceTree = "<group>"; };
		C6D4E2781D124B5600D3004D /* NSString+URLString.m */ = {isa = PBXFileReference; fileEncoding = 4; lastKnownFileType = sourcecode.c.objc; path = "NSString+URLString.m"; sourceTree = "<group>"; };
		C6D4E2791D124B5600D3004D /* NSString+DSEncrypt.h */ = {isa = PBXFileReference; fileEncoding = 4; lastKnownFileType = sourcecode.c.h; path = "NSString+DSEncrypt.h"; sourceTree = "<group>"; };
		C6D4E27A1D124B5600D3004D /* NSString+DSEncrypt.m */ = {isa = PBXFileReference; fileEncoding = 4; lastKnownFileType = sourcecode.c.objc; path = "NSString+DSEncrypt.m"; sourceTree = "<group>"; };
		C6D4E27B1D124B5600D3004D /* NSString+DSPredicate.h */ = {isa = PBXFileReference; fileEncoding = 4; lastKnownFileType = sourcecode.c.h; path = "NSString+DSPredicate.h"; sourceTree = "<group>"; };
		C6D4E27C1D124B5600D3004D /* NSString+DSPredicate.m */ = {isa = PBXFileReference; fileEncoding = 4; lastKnownFileType = sourcecode.c.objc; path = "NSString+DSPredicate.m"; sourceTree = "<group>"; };
		C6D4E27D1D124B5600D3004D /* UIColor+DSHexColor.h */ = {isa = PBXFileReference; fileEncoding = 4; lastKnownFileType = sourcecode.c.h; path = "UIColor+DSHexColor.h"; sourceTree = "<group>"; };
		C6D4E27E1D124B5600D3004D /* UIColor+DSHexColor.m */ = {isa = PBXFileReference; fileEncoding = 4; lastKnownFileType = sourcecode.c.objc; path = "UIColor+DSHexColor.m"; sourceTree = "<group>"; };
		C6D4E27F1D124B5600D3004D /* UIScreen+DSScreenSize.h */ = {isa = PBXFileReference; fileEncoding = 4; lastKnownFileType = sourcecode.c.h; path = "UIScreen+DSScreenSize.h"; sourceTree = "<group>"; };
		C6D4E2801D124B5600D3004D /* UIScreen+DSScreenSize.m */ = {isa = PBXFileReference; fileEncoding = 4; lastKnownFileType = sourcecode.c.objc; path = "UIScreen+DSScreenSize.m"; sourceTree = "<group>"; };
		C6D4E2811D124B5600D3004D /* UIView+DSCapture.h */ = {isa = PBXFileReference; fileEncoding = 4; lastKnownFileType = sourcecode.c.h; path = "UIView+DSCapture.h"; sourceTree = "<group>"; };
		C6D4E2821D124B5600D3004D /* UIView+DSCapture.m */ = {isa = PBXFileReference; fileEncoding = 4; lastKnownFileType = sourcecode.c.objc; path = "UIView+DSCapture.m"; sourceTree = "<group>"; };
		C6D4E2831D124B5600D3004D /* DSWelcomViewController.h */ = {isa = PBXFileReference; fileEncoding = 4; lastKnownFileType = sourcecode.c.h; path = DSWelcomViewController.h; sourceTree = "<group>"; };
		C6D4E2841D124B5600D3004D /* DSWelcomViewController.m */ = {isa = PBXFileReference; fileEncoding = 4; lastKnownFileType = sourcecode.c.objc; path = DSWelcomViewController.m; sourceTree = "<group>"; };
		C6D4E2851D124B5600D3004D /* DSBaseViewController.h */ = {isa = PBXFileReference; fileEncoding = 4; lastKnownFileType = sourcecode.c.h; path = DSBaseViewController.h; sourceTree = "<group>"; };
		C6D4E2861D124B5600D3004D /* DSBaseViewController.m */ = {isa = PBXFileReference; fileEncoding = 4; lastKnownFileType = sourcecode.c.objc; path = DSBaseViewController.m; sourceTree = "<group>"; };
		C6D4E2941D124B6F00D3004D /* PrefixHeader.pch */ = {isa = PBXFileReference; fileEncoding = 4; lastKnownFileType = sourcecode.c.h; path = PrefixHeader.pch; sourceTree = "<group>"; };
		C6D4E2951D12765600D3004D /* RecordDataOperation.h */ = {isa = PBXFileReference; fileEncoding = 4; lastKnownFileType = sourcecode.c.h; path = RecordDataOperation.h; sourceTree = "<group>"; };
		C6D4E2961D12765600D3004D /* RecordDataOperation.m */ = {isa = PBXFileReference; fileEncoding = 4; lastKnownFileType = sourcecode.c.objc; path = RecordDataOperation.m; sourceTree = "<group>"; };
		C6D4E29E1D129D7D00D3004D /* MonthViewController.h */ = {isa = PBXFileReference; fileEncoding = 4; lastKnownFileType = sourcecode.c.h; path = MonthViewController.h; sourceTree = "<group>"; };
		C6D4E29F1D129D7D00D3004D /* MonthViewController.m */ = {isa = PBXFileReference; fileEncoding = 4; lastKnownFileType = sourcecode.c.objc; path = MonthViewController.m; sourceTree = "<group>"; };
		C6D4E2A11D129D8600D3004D /* WeekViewController.h */ = {isa = PBXFileReference; fileEncoding = 4; lastKnownFileType = sourcecode.c.h; path = WeekViewController.h; sourceTree = "<group>"; };
		C6D4E2A21D129D8600D3004D /* WeekViewController.m */ = {isa = PBXFileReference; fileEncoding = 4; lastKnownFileType = sourcecode.c.objc; path = WeekViewController.m; sourceTree = "<group>"; };
		C6F30D831D225F3F004D9EB1 /* UUBar.h */ = {isa = PBXFileReference; fileEncoding = 4; lastKnownFileType = sourcecode.c.h; path = UUBar.h; sourceTree = "<group>"; };
		C6F30D841D225F3F004D9EB1 /* UUBar.m */ = {isa = PBXFileReference; fileEncoding = 4; lastKnownFileType = sourcecode.c.objc; path = UUBar.m; sourceTree = "<group>"; };
		C6F30D851D225F3F004D9EB1 /* UUBarChart.h */ = {isa = PBXFileReference; fileEncoding = 4; lastKnownFileType = sourcecode.c.h; path = UUBarChart.h; sourceTree = "<group>"; };
		C6F30D861D225F3F004D9EB1 /* UUBarChart.m */ = {isa = PBXFileReference; fileEncoding = 4; lastKnownFileType = sourcecode.c.objc; path = UUBarChart.m; sourceTree = "<group>"; };
		C6F30D871D225F3F004D9EB1 /* UUChart.h */ = {isa = PBXFileReference; fileEncoding = 4; lastKnownFileType = sourcecode.c.h; path = UUChart.h; sourceTree = "<group>"; };
		C6F30D881D225F3F004D9EB1 /* UUChart.m */ = {isa = PBXFileReference; fileEncoding = 4; lastKnownFileType = sourcecode.c.objc; path = UUChart.m; sourceTree = "<group>"; };
		C6F30D891D225F3F004D9EB1 /* UUChartConst.h */ = {isa = PBXFileReference; fileEncoding = 4; lastKnownFileType = sourcecode.c.h; path = UUChartConst.h; sourceTree = "<group>"; };
		C6F30D8A1D225F3F004D9EB1 /* UUChartConst.m */ = {isa = PBXFileReference; fileEncoding = 4; lastKnownFileType = sourcecode.c.objc; path = UUChartConst.m; sourceTree = "<group>"; };
		C6F30D8B1D225F3F004D9EB1 /* UUChartLabel.h */ = {isa = PBXFileReference; fileEncoding = 4; lastKnownFileType = sourcecode.c.h; path = UUChartLabel.h; sourceTree = "<group>"; };
		C6F30D8C1D225F3F004D9EB1 /* UUChartLabel.m */ = {isa = PBXFileReference; fileEncoding = 4; lastKnownFileType = sourcecode.c.objc; path = UUChartLabel.m; sourceTree = "<group>"; };
		C6F30D8D1D225F3F004D9EB1 /* UULineChart.h */ = {isa = PBXFileReference; fileEncoding = 4; lastKnownFileType = sourcecode.c.h; path = UULineChart.h; sourceTree = "<group>"; };
		C6F30D8E1D225F3F004D9EB1 /* UULineChart.m */ = {isa = PBXFileReference; fileEncoding = 4; lastKnownFileType = sourcecode.c.objc; path = UULineChart.m; sourceTree = "<group>"; };
		C6F30D961D225F55004D9EB1 /* XYPieChart.h */ = {isa = PBXFileReference; fileEncoding = 4; lastKnownFileType = sourcecode.c.h; path = XYPieChart.h; sourceTree = "<group>"; };
		C6F30D971D225F55004D9EB1 /* XYPieChart.m */ = {isa = PBXFileReference; fileEncoding = 4; lastKnownFileType = sourcecode.c.objc; path = XYPieChart.m; sourceTree = "<group>"; };
		C6F30D991D22654D004D9EB1 /* CoreGraphics.framework */ = {isa = PBXFileReference; lastKnownFileType = wrapper.framework; name = CoreGraphics.framework; path = System/Library/Frameworks/CoreGraphics.framework; sourceTree = SDKROOT; };
		C6F30D9B1D2265A1004D9EB1 /* QuartzCore.framework */ = {isa = PBXFileReference; lastKnownFileType = wrapper.framework; name = QuartzCore.framework; path = System/Library/Frameworks/QuartzCore.framework; sourceTree = SDKROOT; };
		C6F3A2D91D13DFD1005A8BD0 /* RecordTableViewCell.h */ = {isa = PBXFileReference; fileEncoding = 4; lastKnownFileType = sourcecode.c.h; path = RecordTableViewCell.h; sourceTree = "<group>"; };
		C6F3A2DA1D13DFD1005A8BD0 /* RecordTableViewCell.m */ = {isa = PBXFileReference; fileEncoding = 4; lastKnownFileType = sourcecode.c.objc; path = RecordTableViewCell.m; sourceTree = "<group>"; };
		C6F3A2DB1D13DFD1005A8BD0 /* RecordTableViewCell.xib */ = {isa = PBXFileReference; fileEncoding = 4; lastKnownFileType = file.xib; path = RecordTableViewCell.xib; sourceTree = "<group>"; };
		C6F3A2DE1D141AC9005A8BD0 /* NSDate+DateString.h */ = {isa = PBXFileReference; fileEncoding = 4; lastKnownFileType = sourcecode.c.h; path = "NSDate+DateString.h"; sourceTree = "<group>"; };
		C6F3A2DF1D141AC9005A8BD0 /* NSDate+DateString.m */ = {isa = PBXFileReference; fileEncoding = 4; lastKnownFileType = sourcecode.c.objc; path = "NSDate+DateString.m"; sourceTree = "<group>"; };
		E9F673D97FC5ED5196ADB913 /* Pods-Acount.release.xcconfig */ = {isa = PBXFileReference; includeInIndex = 1; lastKnownFileType = text.xcconfig; name = "Pods-Acount.release.xcconfig"; path = "Pods/Target Support Files/Pods-Acount/Pods-Acount.release.xcconfig"; sourceTree = "<group>"; };
/* End PBXFileReference section */

/* Begin PBXFrameworksBuildPhase section */
		C6D4E2421D118BBA00D3004D /* Frameworks */ = {
			isa = PBXFrameworksBuildPhase;
			buildActionMask = 2147483647;
			files = (
				C6F30D9C1D2265A1004D9EB1 /* QuartzCore.framework in Frameworks */,
				C6F30D9A1D22654D004D9EB1 /* CoreGraphics.framework in Frameworks */,
				6AAB4D635FCA5E63BEFCC1F0 /* libPods-Acount.a in Frameworks */,
			);
			runOnlyForDeploymentPostprocessing = 0;
		};
/* End PBXFrameworksBuildPhase section */

/* Begin PBXGroup section */
		11DDF116260E349018BE2063 /* Pods */ = {
			isa = PBXGroup;
			children = (
				289A1D8CC1B75266EDF98952 /* Pods-Acount.debug.xcconfig */,
				E9F673D97FC5ED5196ADB913 /* Pods-Acount.release.xcconfig */,
			);
			name = Pods;
			sourceTree = "<group>";
		};
		BC8BE71919307C99ECE585C2 /* Frameworks */ = {
			isa = PBXGroup;
			children = (
				C6F30D9B1D2265A1004D9EB1 /* QuartzCore.framework */,
				C6F30D991D22654D004D9EB1 /* CoreGraphics.framework */,
				B44A3238BC42F95D9F521D56 /* libPods-Acount.a */,
			);
			name = Frameworks;
			sourceTree = "<group>";
		};
		C6C82FDD1D1A6DE500EF9C93 /* Main */ = {
			isa = PBXGroup;
			children = (
				C6D4E2681D12463E00D3004D /* MainInterfaceViewController.h */,
				C6D4E2691D12463E00D3004D /* MainInterfaceViewController.m */,
			);
			name = Main;
			sourceTree = "<group>";
		};
		C6C82FDE1D1A6DF400EF9C93 /* Month */ = {
			isa = PBXGroup;
			children = (
				C6D4E29E1D129D7D00D3004D /* MonthViewController.h */,
				C6D4E29F1D129D7D00D3004D /* MonthViewController.m */,
			);
			name = Month;
			sourceTree = "<group>";
		};
		C6C82FDF1D1A6DFE00EF9C93 /* Week */ = {
			isa = PBXGroup;
			children = (
				C6D4E2A11D129D8600D3004D /* WeekViewController.h */,
				C6D4E2A21D129D8600D3004D /* WeekViewController.m */,
			);
			name = Week;
			sourceTree = "<group>";
		};
		C6C82FE01D1A6E0D00EF9C93 /* Common */ = {
			isa = PBXGroup;
			children = (
				C6F3A2D91D13DFD1005A8BD0 /* RecordTableViewCell.h */,
				C6F3A2DA1D13DFD1005A8BD0 /* RecordTableViewCell.m */,
				C6F3A2DB1D13DFD1005A8BD0 /* RecordTableViewCell.xib */,
				C6C82FD81D192FC400EF9C93 /* TotalRecordViewController.h */,
				C6C82FD91D192FC400EF9C93 /* TotalRecordViewController.m */,
				C6C82FDA1D192FC400EF9C93 /* TotalRecordViewController.xib */,
				C61D86341D12A2F1009126D0 /* RecordViewController.h */,
				C61D86351D12A2F1009126D0 /* RecordViewController.m */,
				C61D86361D12A2F1009126D0 /* RecordViewController.xib */,
				C62406B61D2F8BBB0029E49C /* EntranceViewController.h */,
				C62406B71D2F8BBB0029E49C /* EntranceViewController.m */,
			);
			name = Common;
			sourceTree = "<group>";
		};
		C6C82FE11D1A6E2800EF9C93 /* Data */ = {
			isa = PBXGroup;
			children = (
				C6D4E2541D118BBA00D3004D /* Acount.xcdatamodeld */,
				C6D4E2951D12765600D3004D /* RecordDataOperation.h */,
				C6D4E2961D12765600D3004D /* RecordDataOperation.m */,
				C6D4E2621D118C2A00D3004D /* Record+CoreDataProperties.h */,
				C6D4E2631D118C2A00D3004D /* Record+CoreDataProperties.m */,
				C6D4E2641D118C2A00D3004D /* Record.h */,
				C6D4E2651D118C2A00D3004D /* Record.m */,
			);
			name = Data;
			sourceTree = "<group>";
		};
		C6D4E23C1D118BBA00D3004D = {
			isa = PBXGroup;
			children = (
				C6D4E2471D118BBA00D3004D /* Acount */,
				C6D4E2461D118BBA00D3004D /* Products */,
				11DDF116260E349018BE2063 /* Pods */,
				BC8BE71919307C99ECE585C2 /* Frameworks */,
			);
			sourceTree = "<group>";
		};
		C6D4E2461D118BBA00D3004D /* Products */ = {
			isa = PBXGroup;
			children = (
				C6D4E2451D118BBA00D3004D /* Acount.app */,
			);
			name = Products;
			sourceTree = "<group>";
		};
		C6D4E2471D118BBA00D3004D /* Acount */ = {
			isa = PBXGroup;
			children = (
				C6F30D811D225F2C004D9EB1 /* Chart */,
				C6D4E26B1D12495400D3004D /* DSCommom */,
				C6C82FE11D1A6E2800EF9C93 /* Data */,
				C6C82FDD1D1A6DE500EF9C93 /* Main */,
				C6C82FDE1D1A6DF400EF9C93 /* Month */,
				C6C82FDF1D1A6DFE00EF9C93 /* Week */,
				C6C82FE01D1A6E0D00EF9C93 /* Common */,
				C6D4E2481D118BBA00D3004D /* Supporting Files */,
			);
			path = Acount;
			sourceTree = "<group>";
		};
		C6D4E2481D118BBA00D3004D /* Supporting Files */ = {
			isa = PBXGroup;
			children = (
				C6D4E2941D124B6F00D3004D /* PrefixHeader.pch */,
				C6D4E24B1D118BBA00D3004D /* AppDelegate.h */,
				C6D4E24C1D118BBA00D3004D /* AppDelegate.m */,
				C6D4E2491D118BBA00D3004D /* main.m */,
				C6D4E2511D118BBA00D3004D /* Main.storyboard */,
				C6D4E2571D118BBA00D3004D /* Assets.xcassets */,
				C6D4E2591D118BBA00D3004D /* LaunchScreen.storyboard */,
				C6D4E25C1D118BBA00D3004D /* Info.plist */,
			);
			name = "Supporting Files";
			sourceTree = "<group>";
		};
		C6D4E26B1D12495400D3004D /* DSCommom */ = {
			isa = PBXGroup;
			children = (
				C6D4E26C1D124B5600D3004D /* DSCommon.h */,
				C6D4E26D1D124B5600D3004D /* DSAnimation.h */,
				C6D4E26E1D124B5600D3004D /* DSAnimation.m */,
				C6D4E26F1D124B5600D3004D /* DSNetWork.h */,
				C6D4E2701D124B5600D3004D /* DSNetWork.m */,
				C6F3A2DE1D141AC9005A8BD0 /* NSDate+DateString.h */,
				C6F3A2DF1D141AC9005A8BD0 /* NSDate+DateString.m */,
				C6D4E2711D124B5600D3004D /* DSRequest.h */,
				C6D4E2721D124B5600D3004D /* DSRequest.m */,
				C6D4E2731D124B5600D3004D /* DSDevice.h */,
				C6D4E2741D124B5600D3004D /* DSDevice.m */,
				C69FD0611D13CEAB00740465 /* UIImage+DSColorForImage.h */,
				C69FD0621D13CEAB00740465 /* UIImage+DSColorForImage.m */,
				C6D4E2751D124B5600D3004D /* UIImage+DSImageColor.h */,
				C6D4E2761D124B5600D3004D /* UIImage+DSImageColor.m */,
				C6D4E2771D124B5600D3004D /* NSString+URLString.h */,
				C6D4E2781D124B5600D3004D /* NSString+URLString.m */,
				C6D4E2791D124B5600D3004D /* NSString+DSEncrypt.h */,
				C6D4E27A1D124B5600D3004D /* NSString+DSEncrypt.m */,
				C6D4E27B1D124B5600D3004D /* NSString+DSPredicate.h */,
				C6D4E27C1D124B5600D3004D /* NSString+DSPredicate.m */,
				C6D4E27D1D124B5600D3004D /* UIColor+DSHexColor.h */,
				C6D4E27E1D124B5600D3004D /* UIColor+DSHexColor.m */,
				C6D4E27F1D124B5600D3004D /* UIScreen+DSScreenSize.h */,
				C6D4E2801D124B5600D3004D /* UIScreen+DSScreenSize.m */,
				C6D4E2811D124B5600D3004D /* UIView+DSCapture.h */,
				C6D4E2821D124B5600D3004D /* UIView+DSCapture.m */,
				C6D4E2831D124B5600D3004D /* DSWelcomViewController.h */,
				C6D4E2841D124B5600D3004D /* DSWelcomViewController.m */,
				C6D4E2851D124B5600D3004D /* DSBaseViewController.h */,
				C6D4E2861D124B5600D3004D /* DSBaseViewController.m */,
			);
			name = DSCommom;
			sourceTree = "<group>";
		};
		C6F30D811D225F2C004D9EB1 /* Chart */ = {
			isa = PBXGroup;
			children = (
				C6F30D951D225F55004D9EB1 /* XYPieChart */,
				C6F30D821D225F3F004D9EB1 /* UUChart */,
			);
			name = Chart;
			sourceTree = "<group>";
		};
		C6F30D821D225F3F004D9EB1 /* UUChart */ = {
			isa = PBXGroup;
			children = (
				C6F30D831D225F3F004D9EB1 /* UUBar.h */,
				C6F30D841D225F3F004D9EB1 /* UUBar.m */,
				C6F30D851D225F3F004D9EB1 /* UUBarChart.h */,
				C6F30D861D225F3F004D9EB1 /* UUBarChart.m */,
				C6F30D871D225F3F004D9EB1 /* UUChart.h */,
				C6F30D881D225F3F004D9EB1 /* UUChart.m */,
				C6F30D891D225F3F004D9EB1 /* UUChartConst.h */,
				C6F30D8A1D225F3F004D9EB1 /* UUChartConst.m */,
				C6F30D8B1D225F3F004D9EB1 /* UUChartLabel.h */,
				C6F30D8C1D225F3F004D9EB1 /* UUChartLabel.m */,
				C6F30D8D1D225F3F004D9EB1 /* UULineChart.h */,
				C6F30D8E1D225F3F004D9EB1 /* UULineChart.m */,
			);
			path = UUChart;
			sourceTree = "<group>";
		};
		C6F30D951D225F55004D9EB1 /* XYPieChart */ = {
			isa = PBXGroup;
			children = (
				C6F30D961D225F55004D9EB1 /* XYPieChart.h */,
				C6F30D971D225F55004D9EB1 /* XYPieChart.m */,
			);
			path = XYPieChart;
			sourceTree = "<group>";
		};
/* End PBXGroup section */

/* Begin PBXNativeTarget section */
		C6D4E2441D118BBA00D3004D /* Acount */ = {
			isa = PBXNativeTarget;
			buildConfigurationList = C6D4E25F1D118BBA00D3004D /* Build configuration list for PBXNativeTarget "Acount" */;
			buildPhases = (
				0344D98873F9D196A69E381C /* 📦 Check Pods Manifest.lock */,
				C6D4E2411D118BBA00D3004D /* Sources */,
				C6D4E2421D118BBA00D3004D /* Frameworks */,
				C6D4E2431D118BBA00D3004D /* Resources */,
				8AB272EE12D4495DFDF388F5 /* 📦 Embed Pods Frameworks */,
				0E7D06CF0848C9096C7DA9A8 /* 📦 Copy Pods Resources */,
			);
			buildRules = (
			);
			dependencies = (
			);
			name = Acount;
			productName = Acount;
			productReference = C6D4E2451D118BBA00D3004D /* Acount.app */;
			productType = "com.apple.product-type.application";
		};
/* End PBXNativeTarget section */

/* Begin PBXProject section */
		C6D4E23D1D118BBA00D3004D /* Project object */ = {
			isa = PBXProject;
			attributes = {
				LastUpgradeCheck = 0730;
				ORGANIZATIONNAME = Sincere;
				TargetAttributes = {
					C6D4E2441D118BBA00D3004D = {
						CreatedOnToolsVersion = 7.3;
						DevelopmentTeam = YKB66Z3T3Q;
					};
				};
			};
			buildConfigurationList = C6D4E2401D118BBA00D3004D /* Build configuration list for PBXProject "Acount" */;
			compatibilityVersion = "Xcode 3.2";
			developmentRegion = English;
			hasScannedForEncodings = 0;
			knownRegions = (
				en,
				Base,
			);
			mainGroup = C6D4E23C1D118BBA00D3004D;
			productRefGroup = C6D4E2461D118BBA00D3004D /* Products */;
			projectDirPath = "";
			projectRoot = "";
			targets = (
				C6D4E2441D118BBA00D3004D /* Acount */,
			);
		};
/* End PBXProject section */

/* Begin PBXResourcesBuildPhase section */
		C6D4E2431D118BBA00D3004D /* Resources */ = {
			isa = PBXResourcesBuildPhase;
			buildActionMask = 2147483647;
			files = (
				C6D4E25B1D118BBA00D3004D /* LaunchScreen.storyboard in Resources */,
				C6D4E2581D118BBA00D3004D /* Assets.xcassets in Resources */,
				C6C82FDC1D192FC400EF9C93 /* TotalRecordViewController.xib in Resources */,
				C6D4E2531D118BBA00D3004D /* Main.storyboard in Resources */,
				C6F3A2DD1D13DFD1005A8BD0 /* RecordTableViewCell.xib in Resources */,
				C61D86381D12A2F1009126D0 /* RecordViewController.xib in Resources */,
			);
			runOnlyForDeploymentPostprocessing = 0;
		};
/* End PBXResourcesBuildPhase section */

/* Begin PBXShellScriptBuildPhase section */
		0344D98873F9D196A69E381C /* 📦 Check Pods Manifest.lock */ = {
			isa = PBXShellScriptBuildPhase;
			buildActionMask = 2147483647;
			files = (
			);
			inputPaths = (
			);
			name = "📦 Check Pods Manifest.lock";
			outputPaths = (
			);
			runOnlyForDeploymentPostprocessing = 0;
			shellPath = /bin/sh;
			shellScript = "diff \"${PODS_ROOT}/../Podfile.lock\" \"${PODS_ROOT}/Manifest.lock\" > /dev/null\nif [[ $? != 0 ]] ; then\n    cat << EOM\nerror: The sandbox is not in sync with the Podfile.lock. Run 'pod install' or update your CocoaPods installation.\nEOM\n    exit 1\nfi\n";
			showEnvVarsInLog = 0;
		};
		0E7D06CF0848C9096C7DA9A8 /* 📦 Copy Pods Resources */ = {
			isa = PBXShellScriptBuildPhase;
			buildActionMask = 2147483647;
			files = (
			);
			inputPaths = (
			);
			name = "📦 Copy Pods Resources";
			outputPaths = (
			);
			runOnlyForDeploymentPostprocessing = 0;
			shellPath = /bin/sh;
			shellScript = "\"${SRCROOT}/Pods/Target Support Files/Pods-Acount/Pods-Acount-resources.sh\"\n";
			showEnvVarsInLog = 0;
		};
		8AB272EE12D4495DFDF388F5 /* 📦 Embed Pods Frameworks */ = {
			isa = PBXShellScriptBuildPhase;
			buildActionMask = 2147483647;
			files = (
			);
			inputPaths = (
			);
			name = "📦 Embed Pods Frameworks";
			outputPaths = (
			);
			runOnlyForDeploymentPostprocessing = 0;
			shellPath = /bin/sh;
			shellScript = "\"${SRCROOT}/Pods/Target Support Files/Pods-Acount/Pods-Acount-frameworks.sh\"\n";
			showEnvVarsInLog = 0;
		};
/* End PBXShellScriptBuildPhase section */

/* Begin PBXSourcesBuildPhase section */
		C6D4E2411D118BBA00D3004D /* Sources */ = {
			isa = PBXSourcesBuildPhase;
			buildActionMask = 2147483647;
			files = (
				C61D86371D12A2F1009126D0 /* RecordViewController.m in Sources */,
				C6D4E2561D118BBA00D3004D /* Acount.xcdatamodeld in Sources */,
				C6D4E24D1D118BBA00D3004D /* AppDelegate.m in Sources */,
				C6D4E2971D12765600D3004D /* RecordDataOperation.m in Sources */,
				C6D4E28D1D124B5600D3004D /* NSString+DSEncrypt.m in Sources */,
				C6F30D931D225F3F004D9EB1 /* UUChartLabel.m in Sources */,
				C6D4E2A01D129D7D00D3004D /* MonthViewController.m in Sources */,
				C6F30D941D225F3F004D9EB1 /* UULineChart.m in Sources */,
				C6D4E24A1D118BBA00D3004D /* main.m in Sources */,
				C62406B81D2F8BBB0029E49C /* EntranceViewController.m in Sources */,
				C6D4E2A31D129D8600D3004D /* WeekViewController.m in Sources */,
				C6F30D901D225F3F004D9EB1 /* UUBarChart.m in Sources */,
				C6D4E2931D124B5600D3004D /* DSBaseViewController.m in Sources */,
				C6D4E2871D124B5600D3004D /* DSAnimation.m in Sources */,
				C6D4E2911D124B5600D3004D /* UIView+DSCapture.m in Sources */,
				C6D4E28C1D124B5600D3004D /* NSString+URLString.m in Sources */,
				C6F30D921D225F3F004D9EB1 /* UUChartConst.m in Sources */,
				C6F30D981D225F55004D9EB1 /* XYPieChart.m in Sources */,
				C6D4E26A1D12463E00D3004D /* MainInterfaceViewController.m in Sources */,
				C6D4E28F1D124B5600D3004D /* UIColor+DSHexColor.m in Sources */,
				C6D4E2671D118C2A00D3004D /* Record.m in Sources */,
				C6F3A2DC1D13DFD1005A8BD0 /* RecordTableViewCell.m in Sources */,
				C6D4E2891D124B5600D3004D /* DSRequest.m in Sources */,
				C6F30D8F1D225F3F004D9EB1 /* UUBar.m in Sources */,
				C69FD0631D13CEAB00740465 /* UIImage+DSColorForImage.m in Sources */,
				C6D4E2661D118C2A00D3004D /* Record+CoreDataProperties.m in Sources */,
				C6C82FDB1D192FC400EF9C93 /* TotalRecordViewController.m in Sources */,
				C6D4E2921D124B5600D3004D /* DSWelcomViewController.m in Sources */,
				C6D4E28B1D124B5600D3004D /* UIImage+DSImageColor.m in Sources */,
				C6D4E28A1D124B5600D3004D /* DSDevice.m in Sources */,
				C6D4E2901D124B5600D3004D /* UIScreen+DSScreenSize.m in Sources */,
				C6F30D911D225F3F004D9EB1 /* UUChart.m in Sources */,
				C6F3A2E01D141AC9005A8BD0 /* NSDate+DateString.m in Sources */,
				C6D4E28E1D124B5600D3004D /* NSString+DSPredicate.m in Sources */,
				C6D4E2881D124B5600D3004D /* DSNetWork.m in Sources */,
			);
			runOnlyForDeploymentPostprocessing = 0;
		};
/* End PBXSourcesBuildPhase section */

/* Begin PBXVariantGroup section */
		C6D4E2511D118BBA00D3004D /* Main.storyboard */ = {
			isa = PBXVariantGroup;
			children = (
				C6D4E2521D118BBA00D3004D /* Base */,
			);
			name = Main.storyboard;
			sourceTree = "<group>";
		};
		C6D4E2591D118BBA00D3004D /* LaunchScreen.storyboard */ = {
			isa = PBXVariantGroup;
			children = (
				C6D4E25A1D118BBA00D3004D /* Base */,
			);
			name = LaunchScreen.storyboard;
			sourceTree = "<group>";
		};
/* End PBXVariantGroup section */

/* Begin XCBuildConfiguration section */
		C6D4E25D1D118BBA00D3004D /* Debug */ = {
			isa = XCBuildConfiguration;
			buildSettings = {
				ALWAYS_SEARCH_USER_PATHS = NO;
				CLANG_ANALYZER_NONNULL = YES;
				CLANG_CXX_LANGUAGE_STANDARD = "gnu++0x";
				CLANG_CXX_LIBRARY = "libc++";
				CLANG_ENABLE_MODULES = YES;
				CLANG_ENABLE_OBJC_ARC = YES;
				CLANG_WARN_BOOL_CONVERSION = YES;
				CLANG_WARN_CONSTANT_CONVERSION = YES;
				CLANG_WARN_DIRECT_OBJC_ISA_USAGE = YES_ERROR;
				CLANG_WARN_EMPTY_BODY = YES;
				CLANG_WARN_ENUM_CONVERSION = YES;
				CLANG_WARN_INT_CONVERSION = YES;
				CLANG_WARN_OBJC_ROOT_CLASS = YES_ERROR;
				CLANG_WARN_UNREACHABLE_CODE = YES;
				CLANG_WARN__DUPLICATE_METHOD_MATCH = YES;
				"CODE_SIGN_IDENTITY[sdk=iphoneos*]" = "iPhone Developer";
				COPY_PHASE_STRIP = NO;
				DEBUG_INFORMATION_FORMAT = dwarf;
				ENABLE_STRICT_OBJC_MSGSEND = YES;
				ENABLE_TESTABILITY = YES;
				GCC_C_LANGUAGE_STANDARD = gnu99;
				GCC_DYNAMIC_NO_PIC = NO;
				GCC_NO_COMMON_BLOCKS = YES;
				GCC_OPTIMIZATION_LEVEL = 0;
				GCC_PREPROCESSOR_DEFINITIONS = (
					"DEBUG=1",
					"$(inherited)",
				);
				GCC_WARN_64_TO_32_BIT_CONVERSION = YES;
				GCC_WARN_ABOUT_RETURN_TYPE = YES_ERROR;
				GCC_WARN_UNDECLARED_SELECTOR = YES;
				GCC_WARN_UNINITIALIZED_AUTOS = YES_AGGRESSIVE;
				GCC_WARN_UNUSED_FUNCTION = YES;
				GCC_WARN_UNUSED_VARIABLE = YES;
				IPHONEOS_DEPLOYMENT_TARGET = 9.3;
				MTL_ENABLE_DEBUG_INFO = YES;
				ONLY_ACTIVE_ARCH = YES;
				SDKROOT = iphoneos;
			};
			name = Debug;
		};
		C6D4E25E1D118BBA00D3004D /* Release */ = {
			isa = XCBuildConfiguration;
			buildSettings = {
				ALWAYS_SEARCH_USER_PATHS = NO;
				CLANG_ANALYZER_NONNULL = YES;
				CLANG_CXX_LANGUAGE_STANDARD = "gnu++0x";
				CLANG_CXX_LIBRARY = "libc++";
				CLANG_ENABLE_MODULES = YES;
				CLANG_ENABLE_OBJC_ARC = YES;
				CLANG_WARN_BOOL_CONVERSION = YES;
				CLANG_WARN_CONSTANT_CONVERSION = YES;
				CLANG_WARN_DIRECT_OBJC_ISA_USAGE = YES_ERROR;
				CLANG_WARN_EMPTY_BODY = YES;
				CLANG_WARN_ENUM_CONVERSION = YES;
				CLANG_WARN_INT_CONVERSION = YES;
				CLANG_WARN_OBJC_ROOT_CLASS = YES_ERROR;
				CLANG_WARN_UNREACHABLE_CODE = YES;
				CLANG_WARN__DUPLICATE_METHOD_MATCH = YES;
				"CODE_SIGN_IDENTITY[sdk=iphoneos*]" = "iPhone Developer";
				COPY_PHASE_STRIP = NO;
				DEBUG_INFORMATION_FORMAT = "dwarf-with-dsym";
				ENABLE_NS_ASSERTIONS = NO;
				ENABLE_STRICT_OBJC_MSGSEND = YES;
				GCC_C_LANGUAGE_STANDARD = gnu99;
				GCC_NO_COMMON_BLOCKS = YES;
				GCC_WARN_64_TO_32_BIT_CONVERSION = YES;
				GCC_WARN_ABOUT_RETURN_TYPE = YES_ERROR;
				GCC_WARN_UNDECLARED_SELECTOR = YES;
				GCC_WARN_UNINITIALIZED_AUTOS = YES_AGGRESSIVE;
				GCC_WARN_UNUSED_FUNCTION = YES;
				GCC_WARN_UNUSED_VARIABLE = YES;
				IPHONEOS_DEPLOYMENT_TARGET = 9.3;
				MTL_ENABLE_DEBUG_INFO = NO;
				SDKROOT = iphoneos;
				VALIDATE_PRODUCT = YES;
			};
			name = Release;
		};
		C6D4E2601D118BBA00D3004D /* Debug */ = {
			isa = XCBuildConfiguration;
			baseConfigurationReference = 289A1D8CC1B75266EDF98952 /* Pods-Acount.debug.xcconfig */;
			buildSettings = {
				ASSETCATALOG_COMPILER_APPICON_NAME = AppIcon;
				CODE_SIGN_IDENTITY = "iPhone Developer";
				GCC_PRECOMPILE_PREFIX_HEADER = YES;
				GCC_PREFIX_HEADER = Acount/PrefixHeader.pch;
				INFOPLIST_FILE = Acount/Info.plist;
				IPHONEOS_DEPLOYMENT_TARGET = 8.0;
				LD_RUNPATH_SEARCH_PATHS = "$(inherited) @executable_path/Frameworks";
				PRODUCT_BUNDLE_IDENTIFIER = com.dy.Acount;
				PRODUCT_NAME = "$(TARGET_NAME)";
				PROVISIONING_PROFILE = "";
			};
			name = Debug;
		};
		C6D4E2611D118BBA00D3004D /* Release */ = {
			isa = XCBuildConfiguration;
			baseConfigurationReference = E9F673D97FC5ED5196ADB913 /* Pods-Acount.release.xcconfig */;
			buildSettings = {
				ASSETCATALOG_COMPILER_APPICON_NAME = AppIcon;
				CODE_SIGN_IDENTITY = "iPhone Developer";
				GCC_PRECOMPILE_PREFIX_HEADER = YES;
				GCC_PREFIX_HEADER = Acount/PrefixHeader.pch;
				INFOPLIST_FILE = Acount/Info.plist;
				IPHONEOS_DEPLOYMENT_TARGET = 8.0;
				LD_RUNPATH_SEARCH_PATHS = "$(inherited) @executable_path/Frameworks";
				PRODUCT_BUNDLE_IDENTIFIER = com.dy.Acount;
				PRODUCT_NAME = "$(TARGET_NAME)";
				PROVISIONING_PROFILE = "";
			};
			name = Release;
		};
/* End XCBuildConfiguration section */

/* Begin XCConfigurationList section */
		C6D4E2401D118BBA00D3004D /* Build configuration list for PBXProject "Acount" */ = {
			isa = XCConfigurationList;
			buildConfigurations = (
				C6D4E25D1D118BBA00D3004D /* Debug */,
				C6D4E25E1D118BBA00D3004D /* Release */,
			);
			defaultConfigurationIsVisible = 0;
			defaultConfigurationName = Release;
		};
		C6D4E25F1D118BBA00D3004D /* Build configuration list for PBXNativeTarget "Acount" */ = {
			isa = XCConfigurationList;
			buildConfigurations = (
				C6D4E2601D118BBA00D3004D /* Debug */,
				C6D4E2611D118BBA00D3004D /* Release */,
			);
			defaultConfigurationIsVisible = 0;
			defaultConfigurationName = Release;
		};
/* End XCConfigurationList section */

/* Begin XCVersionGroup section */
		C6D4E2541D118BBA00D3004D /* Acount.xcdatamodeld */ = {
			isa = XCVersionGroup;
			children = (
				C6D4E2551D118BBA00D3004D /* Acount.xcdatamodel */,
			);
			currentVersion = C6D4E2551D118BBA00D3004D /* Acount.xcdatamodel */;
			path = Acount.xcdatamodeld;
			sourceTree = "<group>";
			versionGroupType = wrapper.xcdatamodel;
		};
/* End XCVersionGroup section */
	};
	rootObject = C6D4E23D1D118BBA00D3004D /* Project object */;
}
